// !$*UTF8*$!
{
	archiveVersion = 1;
	classes = {
	};
	objectVersion = 56;
	objects = {

/* Begin PBXFileReference section */
		2C354E3C29CE183D002284B4 /* main.py */ = {isa = PBXFileReference; lastKnownFileType = text.script.python; path = main.py; sourceTree = "<group>"; };
		2C354E3D29CE1D98002284B4 /* function_generator.py */ = {isa = PBXFileReference; lastKnownFileType = text.script.python; path = function_generator.py; sourceTree = "<group>"; };
		2C354E3E29CE2089002284B4 /* __init__.py */ = {isa = PBXFileReference; lastKnownFileType = text.script.python; path = __init__.py; sourceTree = "<group>"; };
		2C354E3F29CE50CE002284B4 /* function.py */ = {isa = PBXFileReference; lastKnownFileType = text.script.python; path = function.py; sourceTree = "<group>"; };
		2C354E4029CE7275002284B4 /* temp.py */ = {isa = PBXFileReference; lastKnownFileType = text.script.python; path = temp.py; sourceTree = "<group>"; };
/* End PBXFileReference section */

/* Begin PBXGroup section */
		2C354E3529CE179A002284B4 = {
			isa = PBXGroup;
			children = (
				2C354E3F29CE50CE002284B4 /* function.py */,
				2C354E3C29CE183D002284B4 /* main.py */,
				2C354E3E29CE2089002284B4 /* __init__.py */,
				2C354E3D29CE1D98002284B4 /* function_generator.py */,
				2C354E4029CE7275002284B4 /* temp.py */,
			);
			sourceTree = "<group>";
		};
/* End PBXGroup section */

/* Begin PBXProject section */
		2C354E3629CE179A002284B4 /* Project object */ = {
			isa = PBXProject;
			attributes = {
				BuildIndependentTargetsInParallel = 1;
				LastUpgradeCheck = 1420;
			};
			buildConfigurationList = 2C354E3929CE179A002284B4 /* Build configuration list for PBXProject "extrap-gpr" */;
			compatibilityVersion = "Xcode 14.0";
			developmentRegion = en;
			hasScannedForEncodings = 0;
			knownRegions = (
				en,
				Base,
			);
			mainGroup = 2C354E3529CE179A002284B4;
			projectDirPath = "";
			projectRoot = "";
			targets = (
			);
		};
/* End PBXProject section */

/* Begin XCBuildConfiguration section */
		2C354E3A29CE179A002284B4 /* Debug */ = {
			isa = XCBuildConfiguration;
			buildSettings = {
			};
			name = Debug;
		};
		2C354E3B29CE179A002284B4 /* Release */ = {
			isa = XCBuildConfiguration;
			buildSettings = {
			};
			name = Release;
		};
/* End XCBuildConfiguration section */

/* Begin XCConfigurationList section */
		2C354E3929CE179A002284B4 /* Build configuration list for PBXProject "extrap-gpr" */ = {
			isa = XCConfigurationList;
			buildConfigurations = (
				2C354E3A29CE179A002284B4 /* Debug */,
				2C354E3B29CE179A002284B4 /* Release */,
			);
			defaultConfigurationIsVisible = 0;
			defaultConfigurationName = Release;
		};
/* End XCConfigurationList section */
	};
	rootObject = 2C354E3629CE179A002284B4 /* Project object */;
}
